
Microsoft Visual Studio Solution File, Format Version 12.00
# Visual Studio Version 16
VisualStudioVersion = 16.0.29418.71
MinimumVisualStudioVersion = 10.0.40219.1
Project("{9A19103F-16F7-4668-BE54-9A1E7A4F7556}") = "Epinova.IssuuMedia", "src\Epinova.IssuuMedia.csproj", "{F27DF6B8-19CB-4478-AA29-9C5874CC1EDE}"
EndProject
Project("{9A19103F-16F7-4668-BE54-9A1E7A4F7556}") = "Epinova.IssuuMediaTests", "tests\Epinova.IssuuMediaTests.csproj", "{89DC8DBF-84F7-45D7-BDD5-DCCE465ABEBA}"
EndProject
Project("{2150E333-8FDC-42A3-9474-1A3956D46DE8}") = "assets", "assets", "{A7E3DECF-B10C-4D72-A29D-52286ADEDD98}"
	ProjectSection(SolutionItems) = preProject
		.editorconfig = .editorconfig
		.gitignore = .gitignore
		appveyor.yml = appveyor.yml
		LICENSE = LICENSE
		nuget.config = nuget.config
		README.md = README.md
	EndProjectSection
EndProject
Global
	GlobalSection(SolutionConfigurationPlatforms) = preSolution
		Debug|Any CPU = Debug|Any CPU
		Release|Any CPU = Release|Any CPU
	EndGlobalSection
	GlobalSection(ProjectConfigurationPlatforms) = postSolution
		{F27DF6B8-19CB-4478-AA29-9C5874CC1EDE}.Debug|Any CPU.ActiveCfg = Debug|Any CPU
		{F27DF6B8-19CB-4478-AA29-9C5874CC1EDE}.Debug|Any CPU.Build.0 = Debug|Any CPU
		{F27DF6B8-19CB-4478-AA29-9C5874CC1EDE}.Release|Any CPU.ActiveCfg = Release|Any CPU
		{F27DF6B8-19CB-4478-AA29-9C5874CC1EDE}.Release|Any CPU.Build.0 = Release|Any CPU
		{89DC8DBF-84F7-45D7-BDD5-DCCE465ABEBA}.Debug|Any CPU.ActiveCfg = Debug|Any CPU
		{89DC8DBF-84F7-45D7-BDD5-DCCE465ABEBA}.Debug|Any CPU.Build.0 = Debug|Any CPU
		{89DC8DBF-84F7-45D7-BDD5-DCCE465ABEBA}.Release|Any CPU.ActiveCfg = Release|Any CPU
		{89DC8DBF-84F7-45D7-BDD5-DCCE465ABEBA}.Release|Any CPU.Build.0 = Release|Any CPU
	EndGlobalSection
	GlobalSection(SolutionProperties) = preSolution
		HideSolutionNode = FALSE
	EndGlobalSection
	GlobalSection(ExtensibilityGlobals) = postSolution
		SolutionGuid = {AC03C553-C282-4C16-9CB1-00D781A6A8F3}
	EndGlobalSection
EndGlobal
